
Microsoft Visual Studio Solution File, Format Version 12.00
# Visual Studio Version 17
VisualStudioVersion = 17.3.32929.385
MinimumVisualStudioVersion = 10.0.40219.1
Project("{9A19103F-16F7-4668-BE54-9A1E7A4F7556}") = "PertaminaFileManager", "PertaminaFileManager.csproj", "{8ACCCB33-1D41-440C-A701-1D0150858317}"
EndProject
Global
	GlobalSection(SolutionConfigurationPlatforms) = preSolution
		Debug|Any CPU = Debug|Any CPU
		Release|Any CPU = Release|Any CPU
	EndGlobalSection
	GlobalSection(ProjectConfigurationPlatforms) = postSolution
		{8ACCCB33-1D41-440C-A701-1D0150858317}.Debug|Any CPU.ActiveCfg = Debug|Any CPU
		{8ACCCB33-1D41-440C-A701-1D0150858317}.Debug|Any CPU.Build.0 = Debug|Any CPU
		{8ACCCB33-1D41-440C-A701-1D0150858317}.Release|Any CPU.ActiveCfg = Release|Any CPU
		{8ACCCB33-1D41-440C-A701-1D0150858317}.Release|Any CPU.Build.0 = Release|Any CPU
	EndGlobalSection
	GlobalSection(SolutionProperties) = preSolution
		HideSolutionNode = FALSE
	EndGlobalSection
	GlobalSection(ExtensibilityGlobals) = postSolution
		SolutionGuid = {FC515CC8-3AA8-4CC8-8C7D-BFB62EDFB16E}
	EndGlobalSection
EndGlobal
